{
  "name": "@laurentsimon/npm-dep1",
  "version": "0.0.3",
  "lockfileVersion": 3,
  "requires": true,
  "packages": {
    "": {
      "name": "@laurentsimon/npm-dep1",
      "version": "0.0.1",
      "dependencies": {
        "d3-array": "3.0.0"
      }
    },
    "node_modules/d3-array": {
      "version": "3.0.0",
      "resolved": "https://registry.npmjs.org/d3-array/-/d3-array-3.0.0.tgz",
      "integrity": "sha512-2t/oQ99GzOkttogku85VrBbY2soA/SfVea9fkCGhJ4830sAo8Eslx1SgWT9bzLv9Pxypm+Vjl/BfCnUWTcoDXw==",
      "dependencies": {
        "internmap": "1 - 2"
      },
      "engines": {
        "node": ">=12"
      }
    },
    "node_modules/internmap": {
      "version": "2.0.3",
      "resolved": "https://registry.npmjs.org/internmap/-/internmap-2.0.3.tgz",
      "integrity": "sha512-5Hh7Y1wQbvY5ooGgPbDaL5iYLAPzMTUrjMulskHLH6wnv/A+1q5rgEaiuqEjB+oxGXIVZs1FF+R/KPN3ZSQYYg==",
      "engines": {
        "node": ">=12"
      }
    }
  }
}
